{
	"name": "dev",
	"version": "1.0.0",
	"lockfileVersion": 3,
	"requires": true,
	"packages": {
		"": {
			"name": "dev",
			"version": "1.0.0",
			"license": "MIT",
			"dependencies": {
				"lit-element": "^2.3.1",
				"lit-html": "^1.2.1",
				"ts-lit-plugin": "file:../packages/ts-lit-plugin"
			},
			"devDependencies": {
				"typescript": "~4.4.3"
			}
		},
		"../packages/ts-lit-plugin": {
			"name": "@moczix/ts-lit-plugin",
			"version": "2.0.2",
			"license": "MIT",
			"dependencies": {
				"lit-analyzer": "file:../lit-analyzer",
				"web-component-analyzer": "^2.0.0"
			},
			"devDependencies": {
				"@types/node": "^14.0.13",
				"esbuild": "^0.14.34",
				"rimraf": "^3.0.2",
				"typescript": "~5.2.2",
				"wireit": "^0.1.1"
			}
		},
		"node_modules/lit-element": {
			"version": "2.3.1",
			"resolved": "https://registry.npmjs.org/lit-element/-/lit-element-2.3.1.tgz",
			"integrity": "sha512-tOcUAmeO3BzwiQ7FGWdsshNvC0HVHcTFYw/TLIImmKwXYoV0E7zCBASa8IJ7DiP4cen/Yoj454gS0qqTnIGsFA==",
			"dependencies": {
				"lit-html": "^1.1.1"
			}
		},
		"node_modules/lit-html": {
			"version": "1.2.1",
			"resolved": "https://registry.npmjs.org/lit-html/-/lit-html-1.2.1.tgz",
			"integrity": "sha512-GSJHHXMGLZDzTRq59IUfL9FCdAlGfqNp/dEa7k7aBaaWD+JKaCjsAk9KYm2V12ItonVaYx2dprN66Zdm1AuBTQ=="
		},
		"node_modules/ts-lit-plugin": {
			"resolved": "../packages/ts-lit-plugin",
			"link": true
		},
		"node_modules/typescript": {
			"version": "4.4.4",
			"resolved": "https://registry.npmjs.org/typescript/-/typescript-4.4.4.tgz",
			"integrity": "sha512-DqGhF5IKoBl8WNf8C1gu8q0xZSInh9j1kJJMqT3a94w1JzVaBU4EXOSMrz9yDqMT0xt3selp83fuFMQ0uzv6qA==",
			"dev": true,
			"license": "Apache-2.0",
			"bin": {
				"tsc": "bin/tsc",
				"tsserver": "bin/tsserver"
			},
			"engines": {
				"node": ">=4.2.0"
			}
		}
	}
}
